
Microsoft Visual Studio Solution File, Format Version 12.00
# Visual Studio Version 17
VisualStudioVersion = 17.10.34928.147
MinimumVisualStudioVersion = 10.0.40219.1
Project("{8BC9CEB8-8B4A-11D0-8D11-00A0C91BC942}") = "19.09.24.N.001", "19.09.24.N.001\19.09.24.N.001.vcxproj", "{1C246E4D-59C5-41C4-B19A-BB4F4918AE2F}"
EndProject
Global
	GlobalSection(SolutionConfigurationPlatforms) = preSolution
		Debug|x64 = Debug|x64
		Debug|x86 = Debug|x86
		Release|x64 = Release|x64
		Release|x86 = Release|x86
	EndGlobalSection
	GlobalSection(ProjectConfigurationPlatforms) = postSolution
		{1C246E4D-59C5-41C4-B19A-BB4F4918AE2F}.Debug|x64.ActiveCfg = Debug|x64
		{1C246E4D-59C5-41C4-B19A-BB4F4918AE2F}.Debug|x64.Build.0 = Debug|x64
		{1C246E4D-59C5-41C4-B19A-BB4F4918AE2F}.Debug|x86.ActiveCfg = Debug|Win32
		{1C246E4D-59C5-41C4-B19A-BB4F4918AE2F}.Debug|x86.Build.0 = Debug|Win32
		{1C246E4D-59C5-41C4-B19A-BB4F4918AE2F}.Release|x64.ActiveCfg = Release|x64
		{1C246E4D-59C5-41C4-B19A-BB4F4918AE2F}.Release|x64.Build.0 = Release|x64
		{1C246E4D-59C5-41C4-B19A-BB4F4918AE2F}.Release|x86.ActiveCfg = Release|Win32
		{1C246E4D-59C5-41C4-B19A-BB4F4918AE2F}.Release|x86.Build.0 = Release|Win32
	EndGlobalSection
	GlobalSection(SolutionProperties) = preSolution
		HideSolutionNode = FALSE
	EndGlobalSection
	GlobalSection(ExtensibilityGlobals) = postSolution
		SolutionGuid = {6A9FECE8-6B85-4677-8910-16A606A3945A}
	EndGlobalSection
EndGlobal
